
Microsoft Visual Studio Solution File, Format Version 12.00
# Visual Studio Version 17
VisualStudioVersion = 17.10.35013.160
MinimumVisualStudioVersion = 10.0.40219.1
Project("{FAE04EC0-301F-11D3-BF4B-00C04F79EFBC}") = "CoreApp", "CoreApp.csproj", "{AAAEB3F9-E3BF-422A-9D33-928D460F06D3}"
EndProject
Global
	GlobalSection(SolutionConfigurationPlatforms) = preSolution
		Debug|Any CPU = Debug|Any CPU
		Release|Any CPU = Release|Any CPU
	EndGlobalSection
	GlobalSection(ProjectConfigurationPlatforms) = postSolution
		{AAAEB3F9-E3BF-422A-9D33-928D460F06D3}.Debug|Any CPU.ActiveCfg = Debug|Any CPU
		{AAAEB3F9-E3BF-422A-9D33-928D460F06D3}.Debug|Any CPU.Build.0 = Debug|Any CPU
		{AAAEB3F9-E3BF-422A-9D33-928D460F06D3}.Release|Any CPU.ActiveCfg = Release|Any CPU
		{AAAEB3F9-E3BF-422A-9D33-928D460F06D3}.Release|Any CPU.Build.0 = Release|Any CPU
	EndGlobalSection
	GlobalSection(SolutionProperties) = preSolution
		HideSolutionNode = FALSE
	EndGlobalSection
	GlobalSection(ExtensibilityGlobals) = postSolution
		SolutionGuid = {F2C53DDA-0930-441D-B954-CA93E3AD7231}
	EndGlobalSection
EndGlobal
